version = 1
revision = 3
requires-python = ">=3.13"

[[package]]
name = "colorama"
version = "0.4.6"
source = { registry = "https://pypi.org/simple" }
sdist = { url = "https://files.pythonhosted.org/packages/d8/53/6f443c9a4a8358a93a6792e2acffb9d9d5cb0a5cfd8802644b7b1c9a02e4/colorama-0.4.6.tar.gz", hash = "sha256:08695f5cb7ed6e0531a20572697297273c47b8cae5a63ffc6d6ed5c201be6e44", size = 27697, upload-time = "2022-10-25T02:36:22.414Z" }
wheels = [
    { url = "https://files.pythonhosted.org/packages/d1/d6/3965ed04c63042e047cb6a3e6ed1a63a35087b6a609aa3a15ed8ac56c221/colorama-0.4.6-py2.py3-none-any.whl", hash = "sha256:4f1d9991f5acc0ca119f9d443620b77f9d6b33703e51011c16baf57afb285fc6", size = 25335, upload-time = "2022-10-25T02:36:20.889Z" },
]

[[package]]
name = "hypothesis"
version = "6.165.2"
source = { registry = "https://pypi.org/simple" }
dependencies = [
    { name = "sortedcontainers" },
]
sdist = { url = "https://files.pythonhosted.org/packages/ea/73/fc3743243603dc49911a1ec073a3a524ea8e1c7d48218d3c2a3faa9a8709/hypothesis-6.165.2.tar.gz", hash = "sha256:680a1adf523ac792b46064f425b112ce6c08a7a8f50e65d08e029de6aa11df95", size = 502277, upload-time = "2026-08-05T21:32:43.713Z" }
wheels = [
    { url = "https://files.pythonhosted.org/packages/5c/63/46c9908fe7bd5ffa5002fa88fe289dfe6d3cea3fad1ab8942fe11f1c8a2b/hypothesis-6.165.2-cp310-abi3-macosx_10_12_x86_64.whl", hash = "sha256:33a7303566e660664f3f02ea1df85f7b966cd6723165c696996cfd8630913b3a", size = 781704, upload-time = "2026-08-05T21:32:03.548Z" },
    { url = "https://files.pythonhosted.org/packages/c5/7f/fdce62542a514f6b33c4fc0a760e6d17bb57602b28cb079b78e55b8ea32d/hypothesis-6.165.2-cp310-abi3-macosx_11_0_arm64.whl", hash = "sha256:06d8fe4c82a935f67e610c99848360f5caeb04f547c7d7a830a5c74fb96f053a", size = 777243, upload-time = "2026-08-05T21:32:17.546Z" },
    { url = "https://files.pythonhosted.org/packages/9e/c8/39cd922bf3e1ec84977b768d4e8be31ae051e3a6b400b4fdd7ebcddb1eed/hypothesis-6.165.2-cp310-abi3-manylinux_2_17_aarch64.manylinux2014_aarch64.whl", hash = "sha256:de2e3f6a6f75c876be481138c6c0802ebe10deef9f13ce1cdd6e0ed21d8e1e28", size = 1106492, upload-time = "2026-08-05T21:31:47.844Z" },
    { url = "https://files.pythonhosted.org/packages/0f/91/7bb502379a8dcc43f2538530c05cf16fd4e386afa587d65cc289484425cf/hypothesis-6.165.2-cp310-abi3-manylinux_2_17_armv7l.manylinux2014_armv7l.whl", hash = "sha256:21668cb5a8a694d45ff4c43f20a8fc577a47467b5102c680a43638b027136368", size = 1135105, upload-time = "2026-08-05T21:31:49.453Z" },
    { url = "https://files.pythonhosted.org/packages/e5/04/4ce8ae1bf78d09d7543ab7037a3beedc7f3d963c7aa04e82842415284689/hypothesis-6.165.2-cp310-abi3-manylinux_2_17_x86_64.manylinux2014_x86_64.whl", hash = "sha256:eea4ab5cfdd6c6a23a60777559ea06c34868234fff6542ff6125c0250429348e", size = 1156034, upload-time = "2026-08-05T21:31:44.687Z" },
    { url = "https://files.pythonhosted.org/packages/49/de/b074d899f4a04fa8b99a5bbd66f209c1c02bc21f9f87404539b28b99aff0/hypothesis-6.165.2-cp310-abi3-manylinux_2_31_riscv64.whl", hash = "sha256:0a6add02d9b3b73b59f4d69f5b15abbc07113cd335cc140815cec2877e6b496c", size = 1111344, upload-time = "2026-08-05T21:32:27.211Z" },
    { url = "https://files.pythonhosted.org/packages/e8/38/5a8514683a181f82a8ad9f6d084b704fea7a97c9814033939fc493b55fca/hypothesis-6.165.2-cp310-abi3-manylinux_2_5_i686.manylinux1_i686.whl", hash = "sha256:11013896b6a2ed497079558cb9f89e8b3b564f8859782b38f72cfc1dbeca66ad", size = 1148115, upload-time = "2026-08-05T21:31:01.009Z" },
    { url = "https://files.pythonhosted.org/packages/88/c7/08cf7930d8bec7f1df971c948af2ccb5a402d5b8b19b306af655a603b180/hypothesis-6.165.2-cp310-abi3-musllinux_1_2_aarch64.whl", hash = "sha256:4ceabc69a95e761f381663c6452537fde12a2a6e0275e095b6822c0e0f3b1364", size = 1280321, upload-time = "2026-08-05T21:31:14.843Z" },
    { url = "https://files.pythonhosted.org/packages/c5/91/c9ebb7da3b6e06c47aecceb959cf7df6af75025663af543373c5692f97ac/hypothesis-6.165.2-cp310-abi3-musllinux_1_2_armv7l.whl", hash = "sha256:11e1ce261765ffa6acbaf540358426519ca4a5e46b825cf39b429c77c1895689", size = 1408134, upload-time = "2026-08-05T21:31:27.383Z" },
    { url = "https://files.pythonhosted.org/packages/ed/24/13c2fd9f253ba3a92d4aaa61ae45a8b130df57ab5bd6fc481e2aae520e36/hypothesis-6.165.2-cp310-abi3-musllinux_1_2_riscv64.whl", hash = "sha256:b0250099b2e55d72872319918aacc501110a182938a3d56bcae4a999bee5db08", size = 1280884, upload-time = "2026-08-05T21:32:00.188Z" },
    { url = "https://files.pythonhosted.org/packages/6e/fa/2820bdbe0660394544b9e120b03ea7020702d7fa5c76236166de6ababc9d/hypothesis-6.165.2-cp310-abi3-musllinux_1_2_x86_64.whl", hash = "sha256:96d02928d1a0b7d59e39fd8ada75f0b7d0377ff29f91c94109f92fc2dab9af74", size = 1322998, upload-time = "2026-08-05T21:31:24.373Z" },
    { url = "https://files.pythonhosted.org/packages/f0/24/38752794eb821f5c77da08523602003c344f3498fce09f20741cd5b5e29c/hypothesis-6.165.2-cp310-abi3-win32.whl", hash = "sha256:0f2044093c8244d73893e755a7fa53154b7eca57b37e1427d9b0d9948f6c2b3e", size = 667506, upload-time = "2026-08-05T21:32:10.547Z" },
    { url = "https://files.pythonhosted.org/packages/5f/71/b28f714a127017750e450d152aa4fbff51bd144c6840090d28b529b408d3/hypothesis-6.165.2-cp310-abi3-win_amd64.whl", hash = "sha256:2aa30716066e5ee7750e56b8f90cefaf4ed28c12b4b1d66cef40014fd3f95196", size = 673650, upload-time = "2026-08-05T21:31:25.726Z" },
    { url = "https://files.pythonhosted.org/packages/22/01/add18f19d5e5f084a59709f0dcebf3cb1edeca475ce8a31573dc33891e66/hypothesis-6.165.2-cp313-cp313-macosx_10_12_x86_64.whl", hash = "sha256:e2bf15d05264ec9da8d55c3843902f906ced5e84fb3da924eafe165697ab4638", size = 783183, upload-time = "2026-08-05T21:31:55.305Z" },
    { url = "https://files.pythonhosted.org/packages/8e/4b/df2e4c24d208518a6a3dab7acabad7f5ec6c5bb0f4d0bf1701d2fb7206ce/hypothesis-6.165.2-cp313-cp313-macosx_11_0_arm64.whl", hash = "sha256:3748153d4f64d347f8c988dd41fbef3513b66819e73e9209b1c501bf0d716a13", size = 774829, upload-time = "2026-08-05T21:32:01.891Z" },
    { url = "https://files.pythonhosted.org/packages/72/a0/b75a001efbde704ff2188924a4d4bb3cdf7a22924dc51c155115af64858c/hypothesis-6.165.2-cp313-cp313-manylinux_2_17_aarch64.manylinux2014_aarch64.whl", hash = "sha256:f689976e0eb578afbe8ce37669cb637f00f7c545ad303412947ee4abe2f29ce6", size = 1105224, upload-time = "2026-08-05T21:32:35.189Z" },
    { url = "https://files.pythonhosted.org/packages/71/f2/4942f510c6441b5d60dc7f0d8d2af74fe444b62d3af565bdf42d9b6b803d/hypothesis-6.165.2-cp313-cp313-manylinux_2_17_x86_64.manylinux2014_x86_64.whl", hash = "sha256:f7c68a5684b2e2ad3c33500198a6073b3d04493fd7b1ef34937645ad092b797d", size = 1155166, upload-time = "2026-08-05T21:31:46.408Z" },
    { url = "https://files.pythonhosted.org/packages/48/11/405ebff50c6949518d34f487017412d5b8f8ee9239e50ecdfdd99a745f4b/hypothesis-6.165.2-cp313-cp313-musllinux_1_2_aarch64.whl", hash = "sha256:b40db922ccb53fb77c68d944748a3eb5b945402967b64093d9ba970d028cf1af", size = 1278170, upload-time = "2026-08-05T21:31:43.116Z" },
    { url = "https://files.pythonhosted.org/packages/73/ff/93ad0f4b55100876604d2c316a8c6e0ee037cb0da925caaa478709e504b0/hypothesis-6.165.2-cp313-cp313-musllinux_1_2_x86_64.whl", hash = "sha256:d2fd48ec969b2dbe1c8e25dc86d199c6820b9222846469449b997f5546383378", size = 1322061, upload-time = "2026-08-05T21:32:07.217Z" },
    { url = "https://files.pythonhosted.org/packages/14/37/14b655c664a957e44c7f59d9498e53d79b55f1b752a1bb38fee9da403e9c/hypothesis-6.165.2-cp313-cp313-win_amd64.whl", hash = "sha256:9cf13225121280036ea5a8ff8babb82ec27a4736aea669bbe0bc9839d254575f", size = 670824, upload-time = "2026-08-05T21:32:21.25Z" },
    { url = "https://files.pythonhosted.org/packages/6f/ce/a2de75f1a12b6670edfca890794daab685a63ab1a2e36f28dc2c4d8e831d/hypothesis-6.165.2-cp314-cp314-macosx_10_12_x86_64.whl", hash = "sha256:66be9b848bdcb29132b18de6f574b89b392024c7de442acb393edaa1540cb548", size = 783398, upload-time = "2026-08-05T21:31:37.916Z" },
    { url = "https://files.pythonhosted.org/packages/02/8b/bf01b5f356f64a8af28be2718674e23ff7c0a4dbc5f476295be624b1a5ad/hypothesis-6.165.2-cp314-cp314-macosx_11_0_arm64.whl", hash = "sha256:e51742efe8466cf89e26cb94843db8854bd0673a6d80da7e3d1ff6bd9dc006db", size = 774963, upload-time = "2026-08-05T21:31:10.053Z" },
    { url = "https://files.pythonhosted.org/packages/a8/4b/9ad06c5a5613b6d175a7fd1a518a9732bcc4772c0cb24f6d7e5fd63f7fed/hypothesis-6.165.2-cp314-cp314-manylinux_2_17_aarch64.manylinux2014_aarch64.whl", hash = "sha256:c648ee54cd734261e1615d80c2ebbd679d6dfbba6ef5aa672354c6ca62b6f446", size = 1105721, upload-time = "2026-08-05T21:32:29.252Z" },
    { url = "https://files.pythonhosted.org/packages/9c/f1/04c8ebe621c8b832106859f9425f91d049a96ccf99c3501f2905f3e1291a/hypothesis-6.165.2-cp314-cp314-manylinux_2_17_x86_64.manylinux2014_x86_64.whl", hash = "sha256:032292cbffc0743b2fe4337a30c21ea9703a70a0021d39bf0c3e68bce7baab18", size = 1155349, upload-time = "2026-08-05T21:31:39.636Z" },
    { url = "https://files.pythonhosted.org/packages/6e/23/41fe5e805638dcb6a1b70c147e909d254d9f09db5ade7a3e790c94ec926e/hypothesis-6.165.2-cp314-cp314-musllinux_1_2_aarch64.whl", hash = "sha256:5dc64171b06472f0b6c2e54bdc25687987e560e15133cf52f55d9ef4c747ebe1", size = 1278502, upload-time = "2026-08-05T21:32:23.405Z" },
    { url = "https://files.pythonhosted.org/packages/ce/42/54fdfc954314980d2b0eabbe57ef2960d85f3b1acb95f3326ff931ed349f/hypothesis-6.165.2-cp314-cp314-musllinux_1_2_x86_64.whl", hash = "sha256:8e5a823ba918641af8177c121f122964d471db2ab1d07c1fe229c77b3a5ab7e8", size = 1322379, upload-time = "2026-08-05T21:31:05.39Z" },
    { url = "https://files.pythonhosted.org/packages/68/db/3667633b31b2b423b320fec4b7ac154e74d6b4a122fadd8e06f9d9afbef1/hypothesis-6.165.2-cp314-cp314-pyemscripten_2026_0_wasm32.whl", hash = "sha256:70966ab7dbe0ea9644eaed8324e037f05ac6a8141646b977da9e77813dac6ed7", size = 614909, upload-time = "2026-08-05T21:31:41.464Z" },
    { url = "https://files.pythonhosted.org/packages/2c/d9/0168c0d6ea32c195225b0673ee8cb7b61de6841d62c87d614d26add35770/hypothesis-6.165.2-cp314-cp314-win_amd64.whl", hash = "sha256:a5b913acd896f4f80597dd38966cd13984a1cfd45512498e8cf054aa7c92ffb9", size = 670684, upload-time = "2026-08-05T21:32:37.076Z" },
    { url = "https://files.pythonhosted.org/packages/21/e4/61cea938488b6958f07b8249bf37fcfb2802367e2a6af65afe82b05ca18c/hypothesis-6.165.2-cp314-cp314t-macosx_10_12_x86_64.whl", hash = "sha256:6fa46589088966083ce653f908560cdd3330274cfafaaa65d1fb29b5f6681644", size = 781982, upload-time = "2026-08-05T21:32:15.899Z" },
    { url = "https://files.pythonhosted.org/packages/15/73/b4f9ba3e4b988b567d887b0857962e841b227a81a02ea83ae520e2001c31/hypothesis-6.165.2-cp314-cp314t-macosx_11_0_arm64.whl", hash = "sha256:6b5b922603879b4788447583928eb1cf2e1aafb9ce27f3a7234b7a4557d089a8", size = 773430, upload-time = "2026-08-05T21:31:28.913Z" },
    { url = "https://files.pythonhosted.org/packages/9c/e2/6fb4a2edbc7775dfa4d3950e3537239c6d957eeb6c571275edfd79a2b981/hypothesis-6.165.2-cp314-cp314t-manylinux_2_17_aarch64.manylinux2014_aarch64.whl", hash = "sha256:8ab3a6b5bb3302f7dcd65b07dcdc0ca353c8c151567dffeda826977e765caaf9", size = 1104317, upload-time = "2026-08-05T21:30:57.765Z" },
    { url = "https://files.pythonhosted.org/packages/5d/06/9479b2acc58996ae18300becbaf910d7c542b5054a47ba05c28bdacd08f1/hypothesis-6.165.2-cp314-cp314t-manylinux_2_17_x86_64.manylinux2014_x86_64.whl", hash = "sha256:09f1c626023b68968d2cc5fe1e31548109f4406d81a2c3017b3de9fdd3a02e7d", size = 1154232, upload-time = "2026-08-05T21:31:30.368Z" },
    { url = "https://files.pythonhosted.org/packages/e3/9b/5b5cfce5445a807d042ca5a1a470606613835842d99488a199d994584cae/hypothesis-6.165.2-cp314-cp314t-musllinux_1_2_aarch64.whl", hash = "sha256:5c95808ab851498513192268e25f40bccd1c3719384c91535bbec3eedea39760", size = 1276739, upload-time = "2026-08-05T21:32:12.324Z" },
    { url = "https://files.pythonhosted.org/packages/2e/aa/6a731776ccaee13dba0624a73f01935fa174f39647ad463a495dcb2206a8/hypothesis-6.165.2-cp314-cp314t-musllinux_1_2_x86_64.whl", hash = "sha256:4a1c8bec789f21dc10620ce99e15fcd4f7737b9b4cfa571cdd93e01a17b7b06b", size = 1321119, upload-time = "2026-08-05T21:31:21.113Z" },
    { url = "https://files.pythonhosted.org/packages/43/a1/5d2c7c1346a0089908a3974c9e40ce223c22dd291dfe5df69a8c8cc64b98/hypothesis-6.165.2-cp314-cp314t-win_amd64.whl", hash = "sha256:458c891dfc00133bc4ce2e6c9716838f80f2fd96caf306f5eef42ad02aa4d972", size = 670831, upload-time = "2026-08-05T21:31:17.998Z" },
]

[[package]]
name = "iniconfig"
version = "2.3.0"
source = { registry = "https://pypi.org/simple" }
sdist = { url = "https://files.pythonhosted.org/packages/72/34/14ca021ce8e5dfedc35312d08ba8bf51fdd999c576889fc2c24cb97f4f10/iniconfig-2.3.0.tar.gz", hash = "sha256:c76315c77db068650d49c5b56314774a7804df16fee4402c1f19d6d15d8c4730", size = 20503, upload-time = "2025-10-18T21:55:43.219Z" }
wheels = [
    { url = "https://files.pythonhosted.org/packages/cb/b1/3846dd7f199d53cb17f49cba7e651e9ce294d8497c8c150530ed11865bb8/iniconfig-2.3.0-py3-none-any.whl", hash = "sha256:f631c04d2c48c52b84d0d0549c99ff3859c98df65b3101406327ecc7d53fbf12", size = 7484, upload-time = "2025-10-18T21:55:41.639Z" },
]

[[package]]
name = "jc"
version = "0.1.0"
source = { editable = "." }
dependencies = [
    { name = "hypothesis" },
    { name = "pytest" },
    { name = "python-sat" },
    { name = "sympy" },
]

[package.metadata]
requires-dist = [
    { name = "hypothesis", specifier = ">=6.165.2" },
    { name = "pytest", specifier = ">=9.1.1" },
    { name = "python-sat", specifier = ">=1.9.dev7" },
    { name = "sympy", specifier = ">=1.14.0" },
]

[[package]]
name = "mpmath"
version = "1.3.0"
source = { registry = "https://pypi.org/simple" }
sdist = { url = "https://files.pythonhosted.org/packages/e0/47/dd32fa426cc72114383ac549964eecb20ecfd886d1e5ccf5340b55b02f57/mpmath-1.3.0.tar.gz", hash = "sha256:7a28eb2a9774d00c7bc92411c19a89209d5da7c4c9a9e227be8330a23a25b91f", size = 508106, upload-time = "2023-03-07T16:47:11.061Z" }
wheels = [
    { url = "https://files.pythonhosted.org/packages/43/e3/7d92a15f894aa0c9c4b49b8ee9ac9850d6e63b03c9c32c0367a13ae62209/mpmath-1.3.0-py3-none-any.whl", hash = "sha256:a0b2b9fe80bbcd81a6647ff13108738cfb482d481d826cc0e02f5b35e5c88d2c", size = 536198, upload-time = "2023-03-07T16:47:09.197Z" },
]

[[package]]
name = "packaging"
version = "26.3"
source = { registry = "https://pypi.org/simple" }
sdist = { url = "https://files.pythonhosted.org/packages/7d/fa/3944b40b07da9ce895c0e6303a5ab7d53da063554f534556b134a54d6093/packaging-26.3.tar.gz", hash = "sha256:94edc256424af38762eb31306eed28beb9f0efc50a8837492c9d6fd6004aed79", size = 313412, upload-time = "2026-08-04T18:15:28.737Z" }
wheels = [
    { url = "https://files.pythonhosted.org/packages/63/34/ba1c580383c9eada3711951fef0795c80b829a078d72188184bcab9dd527/packaging-26.3-py3-none-any.whl", hash = "sha256:d7193f7c8e4e93f444fde0262bf90af30e16fa0ad0ad44cb553c87339b23cd1c", size = 129956, upload-time = "2026-08-04T18:15:27.159Z" },
]

[[package]]
name = "pluggy"
version = "1.6.0"
source = { registry = "https://pypi.org/simple" }
sdist = { url = "https://files.pythonhosted.org/packages/f9/e2/3e91f31a7d2b083fe6ef3fa267035b518369d9511ffab804f839851d2779/pluggy-1.6.0.tar.gz", hash = "sha256:7dcc130b76258d33b90f61b658791dede3486c3e6bfb003ee5c9bfb396dd22f3", size = 69412, upload-time = "2025-05-15T12:30:07.975Z" }
wheels = [
    { url = "https://files.pythonhosted.org/packages/54/20/4d324d65cc6d9205fabedc306948156824eb9f0ee1633355a8f7ec5c66bf/pluggy-1.6.0-py3-none-any.whl", hash = "sha256:e920276dd6813095e9377c0bc5566d94c932c33b27a3e3945d8389c374dd4746", size = 20538, upload-time = "2025-05-15T12:30:06.134Z" },
]

[[package]]
name = "pygments"
version = "2.20.0"
source = { registry = "https://pypi.org/simple" }
sdist = { url = "https://files.pythonhosted.org/packages/c3/b2/bc9c9196916376152d655522fdcebac55e66de6603a76a02bca1b6414f6c/pygments-2.20.0.tar.gz", hash = "sha256:6757cd03768053ff99f3039c1a36d6c0aa0b263438fcab17520b30a303a82b5f", size = 4955991, upload-time = "2026-03-29T13:29:33.898Z" }
wheels = [
    { url = "https://files.pythonhosted.org/packages/f4/7e/a72dd26f3b0f4f2bf1dd8923c85f7ceb43172af56d63c7383eb62b332364/pygments-2.20.0-py3-none-any.whl", hash = "sha256:81a9e26dd42fd28a23a2d169d86d7ac03b46e2f8b59ed4698fb4785f946d0176", size = 1231151, upload-time = "2026-03-29T13:29:30.038Z" },
]

[[package]]
name = "pytest"
version = "9.1.1"
source = { registry = "https://pypi.org/simple" }
dependencies = [
    { name = "colorama", marker = "sys_platform == 'win32'" },
    { name = "iniconfig" },
    { name = "packaging" },
    { name = "pluggy" },
    { name = "pygments" },
]
sdist = { url = "https://files.pythonhosted.org/packages/e4/47/b9efed96c114afcfa3c9d3fe98a76a1d14c74a9e266d397cf6eb64be5e01/pytest-9.1.1.tar.gz", hash = "sha256:1088fbde8f2b49d95a549a195707afa7a76a3ce9bcadc26b6d71f0ffda5fe313", size = 1636369, upload-time = "2026-06-19T10:58:32.857Z" }
wheels = [
    { url = "https://files.pythonhosted.org/packages/24/25/1de2678b631f5a49215c6c96fff41ba892b0a34df68d6d80292b1b48aa7f/pytest-9.1.1-py3-none-any.whl", hash = "sha256:37a86b45efb9a47a61a36449063e8e18d0cab3161329fc099eb21783169c4f0c", size = 386536, upload-time = "2026-06-19T10:58:31.347Z" },
]

[[package]]
name = "python-sat"
version = "1.9.dev7"
source = { registry = "https://pypi.org/simple" }
dependencies = [
    { name = "six" },
]
sdist = { url = "https://files.pythonhosted.org/packages/56/f4/bb0fa99154c332dbbfd25faec8b1bb82416916669c62ac223919718d240a/python_sat-1.9.dev7.tar.gz", hash = "sha256:506fa8e0cffa8fc0083128d5791f6b8ebb9a3a42bbf937baa0c80abd5c1a3c30", size = 6035116, upload-time = "2026-07-19T15:59:46.494Z" }
wheels = [
    { url = "https://files.pythonhosted.org/packages/ce/2f/a373bda76028ca7e6e5d6b7736790a8b5091c753c939104cc20dbb2a31ea/python_sat-1.9.dev7-cp313-cp313-macosx_10_13_x86_64.whl", hash = "sha256:70264b5dbe72aa4ceadbdd81cc7c3ac46f9184036bfc81a5b11b7ffc86ccdf02", size = 2571579, upload-time = "2026-07-19T15:58:58.819Z" },
    { url = "https://files.pythonhosted.org/packages/20/d0/3569046e444d1c59c4d38ae5296db0ecf8e29a76ab162c3d7280454a0958/python_sat-1.9.dev7-cp313-cp313-macosx_11_0_arm64.whl", hash = "sha256:a15a296e29b64265d2c5fc9df4f851c884f8e3f2541687897530ecb3431de31d", size = 2358678, upload-time = "2026-07-19T15:59:00.497Z" },
    { url = "https://files.pythonhosted.org/packages/4e/b2/b931f2ad04350c2f78b4ecab8cdf554841065d72a73bc21095b2649d851e/python_sat-1.9.dev7-cp313-cp313-manylinux_2_24_aarch64.manylinux_2_28_aarch64.whl", hash = "sha256:7ff68757c61a7698d72037de39a50b77522dc270dbba7b91a249af345d5c38a0", size = 3797958, upload-time = "2026-07-19T15:59:02.058Z" },
    { url = "https://files.pythonhosted.org/packages/8b/b3/9de12f80ea5728675d207eae2cbe3b7430ef11d00502fc687b2cc4c47e73/python_sat-1.9.dev7-cp313-cp313-manylinux_2_24_x86_64.manylinux_2_28_x86_64.whl", hash = "sha256:c235f2bbafda748d4db7c036bec91d6124e67d7fd5497849bc337217bdf5ff19", size = 3940277, upload-time = "2026-07-19T15:59:03.613Z" },
    { url = "https://files.pythonhosted.org/packages/c3/00/d3ebfffb0a196a39580cb2676d626cfc0c4a033bdfc61ee3a46351438c42/python_sat-1.9.dev7-cp313-cp313-musllinux_1_2_aarch64.whl", hash = "sha256:c5de2ceb987ac466cd7de599dc795d599f99c41f3b52ac68cafcfae3fdf6b0c9", size = 4778764, upload-time = "2026-07-19T15:59:05.32Z" },
    { url = "https://files.pythonhosted.org/packages/31/6f/9448de0c919d6b2f1c43ecf809ea40f72eafb0bc8b53cd50805badd4f0e6/python_sat-1.9.dev7-cp313-cp313-musllinux_1_2_x86_64.whl", hash = "sha256:df69270f5a9bc69fe010a039493e889803543d2c26aea20125aef5502ee5466d", size = 4950906, upload-time = "2026-07-19T15:59:07.304Z" },
    { url = "https://files.pythonhosted.org/packages/7d/ac/7f7da56fca81e72bb1f9e07f2476daf70248794486dc9442afed25cf7eb3/python_sat-1.9.dev7-cp313-cp313-pyemscripten_2025_0_wasm32.whl", hash = "sha256:c57b6597645e742169dc48ea005ab0eb73440c5d22bef758d126d635e5f36af4", size = 1142471, upload-time = "2026-07-19T15:59:09.155Z" },
    { url = "https://files.pythonhosted.org/packages/38/84/8f7b6ed0087e1d3cb166abaf42375e938f6ba472a718153c4240f90aa850/python_sat-1.9.dev7-cp313-cp313-win_amd64.whl", hash = "sha256:f18e1f64e563ee60403599c7bef45c507029e4dd6bf2329263f35d3980593033", size = 1913873, upload-time = "2026-07-19T16:28:58.982Z" },
    { url = "https://files.pythonhosted.org/packages/1d/9e/214dbadabcb461ca5d82debfadd8e97ce937964effc9034f9b645f08a98b/python_sat-1.9.dev7-cp314-cp314-macosx_10_15_x86_64.whl", hash = "sha256:56dad209fa1dccd9a872b2f73bd9fd46823afe54428abaa916531396a2db7b57", size = 2572016, upload-time = "2026-07-19T15:59:11.066Z" },
    { url = "https://files.pythonhosted.org/packages/37/ed/e8c27b92f6aa94ee44c039da7e5b75254e453505d457c7ebf02cb50ad4b8/python_sat-1.9.dev7-cp314-cp314-macosx_11_0_arm64.whl", hash = "sha256:ba393aa800afe098ebc0e4c7e58a5b1d98a9e207fe0f20b056c373b852f1c55a", size = 2359008, upload-time = "2026-07-19T15:59:12.807Z" },
    { url = "https://files.pythonhosted.org/packages/4c/d9/70e85539f364b13a03809a60331226db3c32cf71c57903c11d9fdb9600ad/python_sat-1.9.dev7-cp314-cp314-manylinux_2_24_aarch64.manylinux_2_28_aarch64.whl", hash = "sha256:7998df91990ee424c61b77bfb890eed7a5f5c06c70a62d9f76a16e028f4f43b6", size = 3798235, upload-time = "2026-07-19T15:59:14.565Z" },
    { url = "https://files.pythonhosted.org/packages/58/48/9347b04da032c1bd55529e68b9a67c0efe7f146939c39399b937c293eeaf/python_sat-1.9.dev7-cp314-cp314-manylinux_2_24_x86_64.manylinux_2_28_x86_64.whl", hash = "sha256:36c7c434081ab147702bdbff1ed0b8d94d144ad9c290a0239522f99879236e97", size = 3940249, upload-time = "2026-07-19T15:59:16.518Z" },
    { url = "https://files.pythonhosted.org/packages/53/fe/34485058e8881e65adaa4c68a23882ad7fbbb587f15abf1013da69fe7239/python_sat-1.9.dev7-cp314-cp314-musllinux_1_2_aarch64.whl", hash = "sha256:8baabb5a9d876857b62043c624f8c2ca451c97cee750b0b365ea1f4c34745ceb", size = 4779406, upload-time = "2026-07-19T15:59:18.744Z" },
    { url = "https://files.pythonhosted.org/packages/d5/10/de273c08f1402e7ee355010d4c376b1d91caf9878f409e256dbdc9101ece/python_sat-1.9.dev7-cp314-cp314-musllinux_1_2_x86_64.whl", hash = "sha256:1f73175b9dcb46ecb40ec05a0b6e0dd0dcc2ee9e9a19e094ea4c47dd573f2bae", size = 4950142, upload-time = "2026-07-19T15:59:20.75Z" },
    { url = "https://files.pythonhosted.org/packages/ff/94/4abe0f02f44b88efa900aaaa68f93a990482eb4ee39fb1e0f7b57b606158/python_sat-1.9.dev7-cp314-cp314-pyemscripten_2026_0_wasm32.whl", hash = "sha256:531f6ebd937abc3598bcf7d721fd97f7e8d6f5b3b66835f986e5af5ff8ae90e3", size = 1140550, upload-time = "2026-07-19T15:59:22.418Z" },
    { url = "https://files.pythonhosted.org/packages/fb/8b/474ac0f19ea0bfbb350ae25502fb1b14962feae0d53912ab2187dca9e423/python_sat-1.9.dev7-cp314-cp314-win_amd64.whl", hash = "sha256:bf5179b8681234748fe7fe4866e74312111c7a4390de9b381bc697aff283fb1d", size = 1958794, upload-time = "2026-07-19T16:29:03.161Z" },
    { url = "https://files.pythonhosted.org/packages/21/86/0cad08ad3a3e740aba3aa60a84b98df86bbd73f4ec6760fa97decbe99338/python_sat-1.9.dev7-cp314-cp314t-macosx_10_15_x86_64.whl", hash = "sha256:649b4679b522ba264955097cfa73b10fdcc73fac5ef34c5281cc339d04031538", size = 2575877, upload-time = "2026-07-19T15:59:24.291Z" },
    { url = "https://files.pythonhosted.org/packages/05/4c/3317cb8a77aed0c705d971715564d7218dba8be8ad995d229874c29a9190/python_sat-1.9.dev7-cp314-cp314t-macosx_11_0_arm64.whl", hash = "sha256:8b5fdf33c9bded8eb74eeb746c31ae5bf6de75d1d966b3161689bd82453fd025", size = 2363824, upload-time = "2026-07-19T15:59:25.898Z" },
    { url = "https://files.pythonhosted.org/packages/ce/86/4b0b1b009570e82df7f00d6e25b22841c5c4be78269429d260e484dc1c38/python_sat-1.9.dev7-cp314-cp314t-manylinux_2_24_aarch64.manylinux_2_28_aarch64.whl", hash = "sha256:659b18bd5e8fa10f46c1d6b3f2d27d2747917ebeb3691c55e90adc42723de12b", size = 3866772, upload-time = "2026-07-19T15:59:27.608Z" },
    { url = "https://files.pythonhosted.org/packages/cc/fa/37b30ebdc04413e8e8dc6a365ad920452825fb72ff6950963ced3c212691/python_sat-1.9.dev7-cp314-cp314t-manylinux_2_24_x86_64.manylinux_2_28_x86_64.whl", hash = "sha256:4e0bb3b77eebffb7b97b1dc3dbfc492d1939e9d0df55b044ce75f999b9c9b04a", size = 3997797, upload-time = "2026-07-19T15:59:29.408Z" },
    { url = "https://files.pythonhosted.org/packages/8c/f8/cfcd59adab9495bccdfbd54732daf59e8754ec8126673e79d1851bdc4fd7/python_sat-1.9.dev7-cp314-cp314t-musllinux_1_2_aarch64.whl", hash = "sha256:ddaeb0364af4abc6139192bda2a6db2f9cccf2b1bfab48676fb2ee495f2358f7", size = 4837254, upload-time = "2026-07-19T15:59:31.372Z" },
    { url = "https://files.pythonhosted.org/packages/8f/9a/fa5e21838aed3dd52de1c3d9f3bb9facffd88ad7b595a1ba16a4e0feaed7/python_sat-1.9.dev7-cp314-cp314t-musllinux_1_2_x86_64.whl", hash = "sha256:6d6f8378bfa1f90ce9f1642d31947315a7b0bbc3d83774a8695884755b86232c", size = 5002491, upload-time = "2026-07-19T15:59:33.352Z" },
]

[[package]]
name = "six"
version = "1.17.0"
source = { registry = "https://pypi.org/simple" }
sdist = { url = "https://files.pythonhosted.org/packages/94/e7/b2c673351809dca68a0e064b6af791aa332cf192da575fd474ed7d6f16a2/six-1.17.0.tar.gz", hash = "sha256:ff70335d468e7eb6ec65b95b99d3a2836546063f63acc5171de367e834932a81", size = 34031, upload-time = "2024-12-04T17:35:28.174Z" }
wheels = [
    { url = "https://files.pythonhosted.org/packages/b7/ce/149a00dd41f10bc29e5921b496af8b574d8413afcd5e30dfa0ed46c2cc5e/six-1.17.0-py2.py3-none-any.whl", hash = "sha256:4721f391ed90541fddacab5acf947aa0d3dc7d27b2e1e8eda2be8970586c3274", size = 11050, upload-time = "2024-12-04T17:35:26.475Z" },
]

[[package]]
name = "sortedcontainers"
version = "2.4.0"
source = { registry = "https://pypi.org/simple" }
sdist = { url = "https://files.pythonhosted.org/packages/e8/c4/ba2f8066cceb6f23394729afe52f3bf7adec04bf9ed2c820b39e19299111/sortedcontainers-2.4.0.tar.gz", hash = "sha256:25caa5a06cc30b6b83d11423433f65d1f9d76c4c6a0c90e3379eaa43b9bfdb88", size = 30594, upload-time = "2021-05-16T22:03:42.897Z" }
wheels = [
    { url = "https://files.pythonhosted.org/packages/32/46/9cb0e58b2deb7f82b84065f37f3bffeb12413f947f9388e4cac22c4621ce/sortedcontainers-2.4.0-py2.py3-none-any.whl", hash = "sha256:a163dcaede0f1c021485e957a39245190e74249897e2ae4b2aa38595db237ee0", size = 29575, upload-time = "2021-05-16T22:03:41.177Z" },
]

[[package]]
name = "sympy"
version = "1.14.0"
source = { registry = "https://pypi.org/simple" }
dependencies = [
    { name = "mpmath" },
]
sdist = { url = "https://files.pythonhosted.org/packages/83/d3/803453b36afefb7c2bb238361cd4ae6125a569b4db67cd9e79846ba2d68c/sympy-1.14.0.tar.gz", hash = "sha256:d3d3fe8df1e5a0b42f0e7bdf50541697dbe7d23746e894990c030e2b05e72517", size = 7793921, upload-time = "2025-04-27T18:05:01.611Z" }
wheels = [
    { url = "https://files.pythonhosted.org/packages/a2/09/77d55d46fd61b4a135c444fc97158ef34a095e5681d0a6c10b75bf356191/sympy-1.14.0-py3-none-any.whl", hash = "sha256:e091cc3e99d2141a0ba2847328f5479b05d94a6635cb96148ccb3f34671bd8f5", size = 6299353, upload-time = "2025-04-27T18:04:59.103Z" },
]
